lockVersion: 2.0.0
id: c441f831-62fa-40ae-89a1-b4a5dcb46dd3
management:
  docChecksum: 4ffd4942026558444f933f9c092631c9
  docVersion: 3.0.1
  speakeasyVersion: 1.204.1
  generationVersion: 2.279.1
  releaseVersion: 0.4.0
  configChecksum: 83a069a5215950fed48d158ba0087367
  repoURL: https://github.com/speakeasy-sdks/bolt-go.git
  repoSubDirectory: .
  installationURL: https://github.com/speakeasy-sdks/bolt-go
  published: true
features:
  go:
    core: 3.4.4
    flattening: 2.81.1
    globalSecurity: 2.82.8
    globalServerURLs: 2.82.1
    groups: 2.81.2
    ignores: 2.81.1
    inputOutputModels: 2.83.0
    methodSecurity: 2.82.2
    nameOverrides: 2.81.1
    responseFormat: 0.1.0
    unions: 2.85.4
generatedFiles:
  - account.go
  - guest.go
  - loggedin.go
  - payments.go
  - oauth.go
  - testing.go
  - boltpublicapi.go
  - go.mod
  - models/sdkerrors/sdkerror.go
  - types/bigint.go
  - types/date.go
  - types/datetime.go
  - types/decimal.go
  - types/pointers.go
  - internal/utils/contenttype.go
  - internal/utils/form.go
  - internal/utils/headers.go
  - internal/utils/json.go
  - internal/utils/pathparams.go
  - internal/utils/queryparams.go
  - internal/utils/requestbody.go
  - internal/utils/retries.go
  - internal/utils/security.go
  - internal/utils/utils.go
  - /models/operations/accountget.go
  - /models/operations/accountaddresscreate.go
  - /models/operations/accountaddressedit.go
  - /models/operations/accountaddressdelete.go
  - /models/operations/accountexists.go
  - /models/operations/accountaddpaymentmethod.go
  - /models/operations/accountpaymentmethoddelete.go
  - /models/operations/guestpaymentsinitialize.go
  - /models/operations/guestpaymentsupdate.go
  - /models/operations/guestpaymentsaction.go
  - /models/operations/paymentsinitialize.go
  - /models/operations/paymentsupdate.go
  - /models/operations/paymentsaction.go
  - /models/operations/oauthgettoken.go
  - /models/operations/testingaccountcreate.go
  - /models/operations/testingcreditcardget.go
  - /models/components/account.go
  - /models/components/profile.go
  - /models/components/paymentmethod.go
  - /models/components/paymentmethodpaypaloutput.go
  - /models/components/addresslisting.go
  - /models/components/addresserror.go
  - /models/components/identifier.go
  - /models/components/creditcarderror.go
  - /models/components/paymentmethodinput.go
  - /models/components/paymentmethodcreditcard.go
  - /models/components/addressreference.go
  - /models/components/paymentresponse.go
  - /models/components/transaction.go
  - /models/components/guestpaymentinitializerequest.go
  - /models/components/cart.go
  - /models/components/amount.go
  - /models/components/cartitem.go
  - /models/components/cartdiscount.go
  - /models/components/cartshipment.go
  - /models/components/profilecreationdata.go
  - /models/components/paymentupdaterequest.go
  - /models/components/paymentactionrequest.go
  - /models/components/paymentinitializerequest.go
  - /models/components/paymentmethodextended.go
  - /models/components/paymentmethodreference.go
  - /models/components/getaccesstokenresponse.go
  - /models/components/getaccesstokenrequest.go
  - /models/components/accounttestcreationdataoutput.go
  - /models/components/testcreditcard.go
  - /models/components/security.go
  - /models/sdkerrors/error.go
  - /models/sdkerrors/accountaddresscreate.go
  - /models/sdkerrors/accountaddressedit.go
  - /models/sdkerrors/accountaddpaymentmethod.go
  - docs/models/operations/accountgetrequest.md
  - docs/models/operations/accountgetresponse.md
  - docs/models/operations/accountaddresscreaterequest.md
  - docs/models/operations/accountaddresscreateresponse.md
  - docs/models/operations/accountaddresseditrequest.md
  - docs/models/operations/accountaddresseditresponse.md
  - docs/models/operations/accountaddressdeleterequest.md
  - docs/models/operations/accountaddressdeleteresponse.md
  - docs/models/operations/accountexistsrequest.md
  - docs/models/operations/accountexistsresponse.md
  - docs/models/operations/accountaddpaymentmethodrequest.md
  - docs/models/operations/accountaddpaymentmethodresponse.md
  - docs/models/operations/accountpaymentmethoddeleterequest.md
  - docs/models/operations/accountpaymentmethoddeleteresponse.md
  - docs/models/operations/guestpaymentsinitializesecurity.md
  - docs/models/operations/guestpaymentsinitializerequest.md
  - docs/models/operations/guestpaymentsinitializeresponse.md
  - docs/models/operations/guestpaymentsupdatesecurity.md
  - docs/models/operations/guestpaymentsupdaterequest.md
  - docs/models/operations/guestpaymentsupdateresponse.md
  - docs/models/operations/guestpaymentsactionsecurity.md
  - docs/models/operations/guestpaymentsactionrequest.md
  - docs/models/operations/guestpaymentsactionresponse.md
  - docs/models/operations/paymentsinitializerequest.md
  - docs/models/operations/paymentsinitializeresponse.md
  - docs/models/operations/paymentsupdaterequest.md
  - docs/models/operations/paymentsupdateresponse.md
  - docs/models/operations/paymentsactionrequest.md
  - docs/models/operations/paymentsactionresponse.md
  - docs/models/operations/oauthgettokenresponse.md
  - docs/models/operations/testingaccountcreatesecurity.md
  - docs/models/operations/testingaccountcreaterequest.md
  - docs/models/operations/testingaccountcreateresponse.md
  - docs/models/operations/testingcreditcardgetsecurity.md
  - docs/models/operations/testingcreditcardgetresponse.md
  - docs/models/components/account.md
  - docs/models/components/profile.md
  - docs/models/components/paymentmethod.md
  - docs/models/components/dottag.md
  - docs/models/components/network.md
  - docs/models/components/paymentmethodcreditcard.md
  - docs/models/components/paymentmethodpaypaltag.md
  - docs/models/components/paymentmethodpaypaloutput.md
  - docs/models/components/countrycode.md
  - docs/models/components/addresslisting.md
  - docs/models/components/addresserrortag.md
  - docs/models/components/addresserror.md
  - docs/models/components/addresslistinginput.md
  - docs/models/components/identifiertype.md
  - docs/models/components/identifier.md
  - docs/models/components/creditcarderrortag.md
  - docs/models/components/creditcarderror.md
  - docs/models/components/paymentmethodinput.md
  - docs/models/components/paymentmethodcreditcardinput.md
  - docs/models/components/schemasaddressreferenceexplicittag.md
  - docs/models/components/schemascountrycode.md
  - docs/models/components/schemasinput.md
  - docs/models/components/schemastag.md
  - docs/models/components/schemas.md
  - docs/models/components/addressreference.md
  - docs/models/components/paymentmethodpaypal.md
  - docs/models/components/schemasstatus.md
  - docs/models/components/action.md
  - docs/models/components/paymentresponsependingschemas.md
  - docs/models/components/status.md
  - docs/models/components/paymentresponsefinalizedschemas.md
  - docs/models/components/paymentresponse.md
  - docs/models/components/transaction.md
  - docs/models/components/guestpaymentinitializerequest.md
  - docs/models/components/cart.md
  - docs/models/components/currency.md
  - docs/models/components/amount.md
  - docs/models/components/cartitem.md
  - docs/models/components/cartdiscount.md
  - docs/models/components/cartshipment.md
  - docs/models/components/profilecreationdata.md
  - docs/models/components/paymentupdaterequest.md
  - docs/models/components/paymentactionrequesttag.md
  - docs/models/components/paymentactionrequest.md
  - docs/models/components/paymentinitializerequest.md
  - docs/models/components/paymentmethodextended.md
  - docs/models/components/paymentmethodreferencetag.md
  - docs/models/components/paymentmethodreference.md
  - docs/models/components/refreshtokenscope.md
  - docs/models/components/getaccesstokenresponsescope.md
  - docs/models/components/getaccesstokenresponse.md
  - docs/models/components/granttype.md
  - docs/models/components/scope.md
  - docs/models/components/getaccesstokenrequest.md
  - docs/models/components/emailstate.md
  - docs/models/components/phonestate.md
  - docs/models/components/accounttestcreationdataoutput.md
  - docs/models/components/accounttestcreationdata.md
  - docs/models/components/testcreditcardnetwork.md
  - docs/models/components/testcreditcard.md
  - docs/models/components/security.md
  - docs/models/sdkerrors/dottag.md
  - docs/models/sdkerrors/error.md
  - docs/models/sdkerrors/accountaddresscreateresponsebody.md
  - docs/models/sdkerrors/accountaddresseditresponsebody.md
  - docs/models/sdkerrors/accountaddpaymentmethodresponsebody.md
  - docs/sdks/boltpublicapi/README.md
  - docs/sdks/account/README.md
  - docs/sdks/payments/README.md
  - docs/sdks/guest/README.md
  - docs/sdks/loggedin/README.md
  - docs/sdks/oauth/README.md
  - docs/sdks/testing/README.md
  - USAGE.md
  - .gitattributes
  - internal/hooks/hooks.go
